
Microsoft Visual Studio Solution File, Format Version 12.00
# Visual Studio 2013
VisualStudioVersion = 12.0.30501.0
MinimumVisualStudioVersion = 10.0.40219.1
Project("{FAE04EC0-301F-11D3-BF4B-00C04F79EFBC}") = "PodCatch", "PodCatch.csproj", "{1800724C-F165-4DAE-AB55-0D1B5A954AB8}"
EndProject
Project("{FAE04EC0-301F-11D3-BF4B-00C04F79EFBC}") = "PodCatch.BackgroundTasks", "PodcatchBackgroundTasks\PodCatch.BackgroundTasks.csproj", "{E9C703B2-2B40-4EED-A30E-1DADC6ECA1E0}"
EndProject
Project("{FAE04EC0-301F-11D3-BF4B-00C04F79EFBC}") = "PodCatch.DataModel", "PodCatch.DataModel\PodCatch.DataModel.csproj", "{BDCB6449-FAA6-4759-A997-F2AF3906A304}"
EndProject
Global
	GlobalSection(TeamFoundationVersionControl) = preSolution
		SccNumberOfProjects = 4
		SccEnterpriseProvider = {4CA58AB2-18FA-4F8D-95D4-32DDF27D184C}
		SccTeamFoundationServer = https://tfs.codeplex.com/tfs/tfs13
		SccLocalPath0 = .
		SccProjectUniqueName1 = PodCatch.csproj
		SccLocalPath1 = .
		SccProjectUniqueName2 = PodCatch.DataModel\\PodCatch.DataModel.csproj
		SccProjectName2 = PodCatch.DataModel
		SccLocalPath2 = PodCatch.DataModel
		SccProjectUniqueName3 = PodcatchBackgroundTasks\\PodCatch.BackgroundTasks.csproj
		SccProjectName3 = PodcatchBackgroundTasks
		SccLocalPath3 = PodcatchBackgroundTasks
	EndGlobalSection
	GlobalSection(SolutionConfigurationPlatforms) = preSolution
		Debug|Any CPU = Debug|Any CPU
		Debug|ARM = Debug|ARM
		Debug|x64 = Debug|x64
		Debug|x86 = Debug|x86
		Release|Any CPU = Release|Any CPU
		Release|ARM = Release|ARM
		Release|x64 = Release|x64
		Release|x86 = Release|x86
	EndGlobalSection
	GlobalSection(ProjectConfigurationPlatforms) = postSolution
		{1800724C-F165-4DAE-AB55-0D1B5A954AB8}.Debug|Any CPU.ActiveCfg = Debug|Any CPU
		{1800724C-F165-4DAE-AB55-0D1B5A954AB8}.Debug|Any CPU.Build.0 = Debug|Any CPU
		{1800724C-F165-4DAE-AB55-0D1B5A954AB8}.Debug|Any CPU.Deploy.0 = Debug|Any CPU
		{1800724C-F165-4DAE-AB55-0D1B5A954AB8}.Debug|ARM.ActiveCfg = Debug|ARM
		{1800724C-F165-4DAE-AB55-0D1B5A954AB8}.Debug|ARM.Build.0 = Debug|ARM
		{1800724C-F165-4DAE-AB55-0D1B5A954AB8}.Debug|ARM.Deploy.0 = Debug|ARM
		{1800724C-F165-4DAE-AB55-0D1B5A954AB8}.Debug|x64.ActiveCfg = Debug|x64
		{1800724C-F165-4DAE-AB55-0D1B5A954AB8}.Debug|x64.Build.0 = Debug|x64
		{1800724C-F165-4DAE-AB55-0D1B5A954AB8}.Debug|x64.Deploy.0 = Debug|x64
		{1800724C-F165-4DAE-AB55-0D1B5A954AB8}.Debug|x86.ActiveCfg = Debug|x86
		{1800724C-F165-4DAE-AB55-0D1B5A954AB8}.Debug|x86.Build.0 = Debug|x86
		{1800724C-F165-4DAE-AB55-0D1B5A954AB8}.Debug|x86.Deploy.0 = Debug|x86
		{1800724C-F165-4DAE-AB55-0D1B5A954AB8}.Release|Any CPU.ActiveCfg = Release|Any CPU
		{1800724C-F165-4DAE-AB55-0D1B5A954AB8}.Release|Any CPU.Build.0 = Release|Any CPU
		{1800724C-F165-4DAE-AB55-0D1B5A954AB8}.Release|Any CPU.Deploy.0 = Release|Any CPU
		{1800724C-F165-4DAE-AB55-0D1B5A954AB8}.Release|ARM.ActiveCfg = Release|ARM
		{1800724C-F165-4DAE-AB55-0D1B5A954AB8}.Release|ARM.Build.0 = Release|ARM
		{1800724C-F165-4DAE-AB55-0D1B5A954AB8}.Release|ARM.Deploy.0 = Release|ARM
		{1800724C-F165-4DAE-AB55-0D1B5A954AB8}.Release|x64.ActiveCfg = Release|x64
		{1800724C-F165-4DAE-AB55-0D1B5A954AB8}.Release|x64.Build.0 = Release|x64
		{1800724C-F165-4DAE-AB55-0D1B5A954AB8}.Release|x64.Deploy.0 = Release|x64
		{1800724C-F165-4DAE-AB55-0D1B5A954AB8}.Release|x86.ActiveCfg = Release|x86
		{1800724C-F165-4DAE-AB55-0D1B5A954AB8}.Release|x86.Build.0 = Release|x86
		{1800724C-F165-4DAE-AB55-0D1B5A954AB8}.Release|x86.Deploy.0 = Release|x86
		{E9C703B2-2B40-4EED-A30E-1DADC6ECA1E0}.Debug|Any CPU.ActiveCfg = Debug|Any CPU
		{E9C703B2-2B40-4EED-A30E-1DADC6ECA1E0}.Debug|Any CPU.Build.0 = Debug|Any CPU
		{E9C703B2-2B40-4EED-A30E-1DADC6ECA1E0}.Debug|ARM.ActiveCfg = Debug|ARM
		{E9C703B2-2B40-4EED-A30E-1DADC6ECA1E0}.Debug|ARM.Build.0 = Debug|ARM
		{E9C703B2-2B40-4EED-A30E-1DADC6ECA1E0}.Debug|x64.ActiveCfg = Debug|x64
		{E9C703B2-2B40-4EED-A30E-1DADC6ECA1E0}.Debug|x64.Build.0 = Debug|x64
		{E9C703B2-2B40-4EED-A30E-1DADC6ECA1E0}.Debug|x86.ActiveCfg = Debug|x86
		{E9C703B2-2B40-4EED-A30E-1DADC6ECA1E0}.Debug|x86.Build.0 = Debug|x86
		{E9C703B2-2B40-4EED-A30E-1DADC6ECA1E0}.Release|Any CPU.ActiveCfg = Release|Any CPU
		{E9C703B2-2B40-4EED-A30E-1DADC6ECA1E0}.Release|Any CPU.Build.0 = Release|Any CPU
		{E9C703B2-2B40-4EED-A30E-1DADC6ECA1E0}.Release|ARM.ActiveCfg = Release|ARM
		{E9C703B2-2B40-4EED-A30E-1DADC6ECA1E0}.Release|ARM.Build.0 = Release|ARM
		{E9C703B2-2B40-4EED-A30E-1DADC6ECA1E0}.Release|x64.ActiveCfg = Release|x64
		{E9C703B2-2B40-4EED-A30E-1DADC6ECA1E0}.Release|x64.Build.0 = Release|x64
		{E9C703B2-2B40-4EED-A30E-1DADC6ECA1E0}.Release|x86.ActiveCfg = Release|x86
		{E9C703B2-2B40-4EED-A30E-1DADC6ECA1E0}.Release|x86.Build.0 = Release|x86
		{BDCB6449-FAA6-4759-A997-F2AF3906A304}.Debug|Any CPU.ActiveCfg = Debug|Any CPU
		{BDCB6449-FAA6-4759-A997-F2AF3906A304}.Debug|Any CPU.Build.0 = Debug|Any CPU
		{BDCB6449-FAA6-4759-A997-F2AF3906A304}.Debug|ARM.ActiveCfg = Debug|ARM
		{BDCB6449-FAA6-4759-A997-F2AF3906A304}.Debug|ARM.Build.0 = Debug|ARM
		{BDCB6449-FAA6-4759-A997-F2AF3906A304}.Debug|x64.ActiveCfg = Debug|x64
		{BDCB6449-FAA6-4759-A997-F2AF3906A304}.Debug|x64.Build.0 = Debug|x64
		{BDCB6449-FAA6-4759-A997-F2AF3906A304}.Debug|x86.ActiveCfg = Debug|x86
		{BDCB6449-FAA6-4759-A997-F2AF3906A304}.Debug|x86.Build.0 = Debug|x86
		{BDCB6449-FAA6-4759-A997-F2AF3906A304}.Release|Any CPU.ActiveCfg = Release|Any CPU
		{BDCB6449-FAA6-4759-A997-F2AF3906A304}.Release|Any CPU.Build.0 = Release|Any CPU
		{BDCB6449-FAA6-4759-A997-F2AF3906A304}.Release|ARM.ActiveCfg = Release|ARM
		{BDCB6449-FAA6-4759-A997-F2AF3906A304}.Release|ARM.Build.0 = Release|ARM
		{BDCB6449-FAA6-4759-A997-F2AF3906A304}.Release|x64.ActiveCfg = Release|x64
		{BDCB6449-FAA6-4759-A997-F2AF3906A304}.Release|x64.Build.0 = Release|x64
		{BDCB6449-FAA6-4759-A997-F2AF3906A304}.Release|x86.ActiveCfg = Release|x86
		{BDCB6449-FAA6-4759-A997-F2AF3906A304}.Release|x86.Build.0 = Release|x86
	EndGlobalSection
	GlobalSection(SolutionProperties) = preSolution
		HideSolutionNode = FALSE
	EndGlobalSection
EndGlobal
