
Microsoft Visual Studio Solution File, Format Version 12.00
# Visual Studio 2013
VisualStudioVersion = 12.0.31101.0
MinimumVisualStudioVersion = 10.0.40219.1
Project("{FAE04EC0-301F-11D3-BF4B-00C04F79EFBC}") = "PodCatch", "PodCatch.csproj", "{1800724C-F165-4DAE-AB55-0D1B5A954AB8}"
EndProject
Project("{FAE04EC0-301F-11D3-BF4B-00C04F79EFBC}") = "PodCatch.BackgroundTasks", "PodcatchBackgroundTasks\PodCatch.BackgroundTasks.csproj", "{E9C703B2-2B40-4EED-A30E-1DADC6ECA1E0}"
EndProject
Project("{FAE04EC0-301F-11D3-BF4B-00C04F79EFBC}") = "PodCatch.DataModel", "PodCatch.DataModel\PodCatch.DataModel.csproj", "{A0237286-45E6-4E83-8591-82D5822AC8D4}"
EndProject
Project("{FAE04EC0-301F-11D3-BF4B-00C04F79EFBC}") = "PodCatch.StateMachine.Test", "PodCatch.StateMachine.Test\PodCatch.StateMachine.Test.csproj", "{412E8037-3919-48B2-B457-DE75D2510D92}"
EndProject
Project("{FAE04EC0-301F-11D3-BF4B-00C04F79EFBC}") = "PodCatch.Common", "Podcatch.Common\PodCatch.Common.csproj", "{41FFF775-2A10-461E-9F74-968B13C18537}"
EndProject
Project("{FAE04EC0-301F-11D3-BF4B-00C04F79EFBC}") = "PodCatch.Common.Test", "PodCatch.Common.Test\PodCatch.Common.Test.csproj", "{FFA9D50F-52F5-444B-8790-DFC72003ADBD}"
EndProject
Project("{2150E333-8FDC-42A3-9474-1A3956D46DE8}") = "PodCatch", "PodCatch", "{697BDB15-343D-4023-BD1F-9176C20F3EA1}"
EndProject
Project("{D954291E-2A0B-460D-934E-DC6B0785DB48}") = "PodCatch.Shared", "..\PodCatch.Shared\PodCatch.Shared.shproj", "{6B9C2679-E726-477B-83F0-BFC9ADDD7E4D}"
EndProject
Project("{FAE04EC0-301F-11D3-BF4B-00C04F79EFBC}") = "PodCatch.WindowsPhone", "..\PodCatch.WindowsPhone\PodCatch.WindowsPhone.csproj", "{BA43A89E-6488-49D2-B9B0-A24BB77E458F}"
EndProject
Project("{FAE04EC0-301F-11D3-BF4B-00C04F79EFBC}") = "PodCatch.WindowsPhone.BackgroundAudioTask", "..\PodCatch.WindowsPhone.BackgroundAudioTask\PodCatch.WindowsPhone.BackgroundAudioTask.csproj", "{BCFB6816-AB5E-49EF-BAC0-41816E0B81DA}"
EndProject
Global
	GlobalSection(SharedMSBuildProjectFiles) = preSolution
		..\PodCatch.Shared\PodCatch.Shared.projitems*{1800724c-f165-4dae-ab55-0d1b5a954ab8}*SharedItemsImports = 4
		..\PodCatch.Shared\PodCatch.Shared.projitems*{6b9c2679-e726-477b-83f0-bfc9addd7e4d}*SharedItemsImports = 13
		..\PodCatch.Shared\PodCatch.Shared.projitems*{ba43a89e-6488-49d2-b9b0-a24bb77e458f}*SharedItemsImports = 4
	EndGlobalSection
	GlobalSection(SolutionConfigurationPlatforms) = preSolution
		Debug|Any CPU = Debug|Any CPU
		Debug|ARM = Debug|ARM
		Debug|Mixed Platforms = Debug|Mixed Platforms
		Debug|x64 = Debug|x64
		Debug|x86 = Debug|x86
		Release|Any CPU = Release|Any CPU
		Release|ARM = Release|ARM
		Release|Mixed Platforms = Release|Mixed Platforms
		Release|x64 = Release|x64
		Release|x86 = Release|x86
	EndGlobalSection
	GlobalSection(ProjectConfigurationPlatforms) = postSolution
		{1800724C-F165-4DAE-AB55-0D1B5A954AB8}.Debug|Any CPU.ActiveCfg = Debug|Any CPU
		{1800724C-F165-4DAE-AB55-0D1B5A954AB8}.Debug|Any CPU.Build.0 = Debug|Any CPU
		{1800724C-F165-4DAE-AB55-0D1B5A954AB8}.Debug|Any CPU.Deploy.0 = Debug|Any CPU
		{1800724C-F165-4DAE-AB55-0D1B5A954AB8}.Debug|ARM.ActiveCfg = Debug|ARM
		{1800724C-F165-4DAE-AB55-0D1B5A954AB8}.Debug|ARM.Build.0 = Debug|ARM
		{1800724C-F165-4DAE-AB55-0D1B5A954AB8}.Debug|ARM.Deploy.0 = Debug|ARM
		{1800724C-F165-4DAE-AB55-0D1B5A954AB8}.Debug|Mixed Platforms.ActiveCfg = Debug|x86
		{1800724C-F165-4DAE-AB55-0D1B5A954AB8}.Debug|Mixed Platforms.Build.0 = Debug|x86
		{1800724C-F165-4DAE-AB55-0D1B5A954AB8}.Debug|Mixed Platforms.Deploy.0 = Debug|x86
		{1800724C-F165-4DAE-AB55-0D1B5A954AB8}.Debug|x64.ActiveCfg = Debug|x64
		{1800724C-F165-4DAE-AB55-0D1B5A954AB8}.Debug|x64.Build.0 = Debug|x64
		{1800724C-F165-4DAE-AB55-0D1B5A954AB8}.Debug|x64.Deploy.0 = Debug|x64
		{1800724C-F165-4DAE-AB55-0D1B5A954AB8}.Debug|x86.ActiveCfg = Debug|x86
		{1800724C-F165-4DAE-AB55-0D1B5A954AB8}.Debug|x86.Build.0 = Debug|x86
		{1800724C-F165-4DAE-AB55-0D1B5A954AB8}.Debug|x86.Deploy.0 = Debug|x86
		{1800724C-F165-4DAE-AB55-0D1B5A954AB8}.Release|Any CPU.ActiveCfg = Release|Any CPU
		{1800724C-F165-4DAE-AB55-0D1B5A954AB8}.Release|Any CPU.Build.0 = Release|Any CPU
		{1800724C-F165-4DAE-AB55-0D1B5A954AB8}.Release|Any CPU.Deploy.0 = Release|Any CPU
		{1800724C-F165-4DAE-AB55-0D1B5A954AB8}.Release|ARM.ActiveCfg = Release|ARM
		{1800724C-F165-4DAE-AB55-0D1B5A954AB8}.Release|ARM.Build.0 = Release|ARM
		{1800724C-F165-4DAE-AB55-0D1B5A954AB8}.Release|ARM.Deploy.0 = Release|ARM
		{1800724C-F165-4DAE-AB55-0D1B5A954AB8}.Release|Mixed Platforms.ActiveCfg = Release|x86
		{1800724C-F165-4DAE-AB55-0D1B5A954AB8}.Release|Mixed Platforms.Build.0 = Release|x86
		{1800724C-F165-4DAE-AB55-0D1B5A954AB8}.Release|Mixed Platforms.Deploy.0 = Release|x86
		{1800724C-F165-4DAE-AB55-0D1B5A954AB8}.Release|x64.ActiveCfg = Release|x64
		{1800724C-F165-4DAE-AB55-0D1B5A954AB8}.Release|x64.Build.0 = Release|x64
		{1800724C-F165-4DAE-AB55-0D1B5A954AB8}.Release|x64.Deploy.0 = Release|x64
		{1800724C-F165-4DAE-AB55-0D1B5A954AB8}.Release|x86.ActiveCfg = Release|x86
		{1800724C-F165-4DAE-AB55-0D1B5A954AB8}.Release|x86.Build.0 = Release|x86
		{1800724C-F165-4DAE-AB55-0D1B5A954AB8}.Release|x86.Deploy.0 = Release|x86
		{E9C703B2-2B40-4EED-A30E-1DADC6ECA1E0}.Debug|Any CPU.ActiveCfg = Debug|Any CPU
		{E9C703B2-2B40-4EED-A30E-1DADC6ECA1E0}.Debug|Any CPU.Build.0 = Debug|Any CPU
		{E9C703B2-2B40-4EED-A30E-1DADC6ECA1E0}.Debug|ARM.ActiveCfg = Debug|ARM
		{E9C703B2-2B40-4EED-A30E-1DADC6ECA1E0}.Debug|ARM.Build.0 = Debug|ARM
		{E9C703B2-2B40-4EED-A30E-1DADC6ECA1E0}.Debug|Mixed Platforms.ActiveCfg = Debug|x86
		{E9C703B2-2B40-4EED-A30E-1DADC6ECA1E0}.Debug|Mixed Platforms.Build.0 = Debug|x86
		{E9C703B2-2B40-4EED-A30E-1DADC6ECA1E0}.Debug|x64.ActiveCfg = Debug|x64
		{E9C703B2-2B40-4EED-A30E-1DADC6ECA1E0}.Debug|x64.Build.0 = Debug|x64
		{E9C703B2-2B40-4EED-A30E-1DADC6ECA1E0}.Debug|x86.ActiveCfg = Debug|x86
		{E9C703B2-2B40-4EED-A30E-1DADC6ECA1E0}.Debug|x86.Build.0 = Debug|x86
		{E9C703B2-2B40-4EED-A30E-1DADC6ECA1E0}.Release|Any CPU.ActiveCfg = Release|Any CPU
		{E9C703B2-2B40-4EED-A30E-1DADC6ECA1E0}.Release|Any CPU.Build.0 = Release|Any CPU
		{E9C703B2-2B40-4EED-A30E-1DADC6ECA1E0}.Release|ARM.ActiveCfg = Release|ARM
		{E9C703B2-2B40-4EED-A30E-1DADC6ECA1E0}.Release|ARM.Build.0 = Release|ARM
		{E9C703B2-2B40-4EED-A30E-1DADC6ECA1E0}.Release|Mixed Platforms.ActiveCfg = Release|x86
		{E9C703B2-2B40-4EED-A30E-1DADC6ECA1E0}.Release|Mixed Platforms.Build.0 = Release|x86
		{E9C703B2-2B40-4EED-A30E-1DADC6ECA1E0}.Release|x64.ActiveCfg = Release|x64
		{E9C703B2-2B40-4EED-A30E-1DADC6ECA1E0}.Release|x64.Build.0 = Release|x64
		{E9C703B2-2B40-4EED-A30E-1DADC6ECA1E0}.Release|x86.ActiveCfg = Release|x86
		{E9C703B2-2B40-4EED-A30E-1DADC6ECA1E0}.Release|x86.Build.0 = Release|x86
		{A0237286-45E6-4E83-8591-82D5822AC8D4}.Debug|Any CPU.ActiveCfg = Debug|Any CPU
		{A0237286-45E6-4E83-8591-82D5822AC8D4}.Debug|Any CPU.Build.0 = Debug|Any CPU
		{A0237286-45E6-4E83-8591-82D5822AC8D4}.Debug|ARM.ActiveCfg = Debug|Any CPU
		{A0237286-45E6-4E83-8591-82D5822AC8D4}.Debug|Mixed Platforms.ActiveCfg = Debug|Any CPU
		{A0237286-45E6-4E83-8591-82D5822AC8D4}.Debug|Mixed Platforms.Build.0 = Debug|Any CPU
		{A0237286-45E6-4E83-8591-82D5822AC8D4}.Debug|x64.ActiveCfg = Debug|Any CPU
		{A0237286-45E6-4E83-8591-82D5822AC8D4}.Debug|x86.ActiveCfg = Debug|Any CPU
		{A0237286-45E6-4E83-8591-82D5822AC8D4}.Release|Any CPU.ActiveCfg = Release|Any CPU
		{A0237286-45E6-4E83-8591-82D5822AC8D4}.Release|Any CPU.Build.0 = Release|Any CPU
		{A0237286-45E6-4E83-8591-82D5822AC8D4}.Release|ARM.ActiveCfg = Release|Any CPU
		{A0237286-45E6-4E83-8591-82D5822AC8D4}.Release|Mixed Platforms.ActiveCfg = Release|Any CPU
		{A0237286-45E6-4E83-8591-82D5822AC8D4}.Release|Mixed Platforms.Build.0 = Release|Any CPU
		{A0237286-45E6-4E83-8591-82D5822AC8D4}.Release|x64.ActiveCfg = Release|Any CPU
		{A0237286-45E6-4E83-8591-82D5822AC8D4}.Release|x86.ActiveCfg = Release|Any CPU
		{412E8037-3919-48B2-B457-DE75D2510D92}.Debug|Any CPU.ActiveCfg = Debug|Any CPU
		{412E8037-3919-48B2-B457-DE75D2510D92}.Debug|Any CPU.Build.0 = Debug|Any CPU
		{412E8037-3919-48B2-B457-DE75D2510D92}.Debug|Any CPU.Deploy.0 = Debug|Any CPU
		{412E8037-3919-48B2-B457-DE75D2510D92}.Debug|ARM.ActiveCfg = Debug|ARM
		{412E8037-3919-48B2-B457-DE75D2510D92}.Debug|ARM.Build.0 = Debug|ARM
		{412E8037-3919-48B2-B457-DE75D2510D92}.Debug|ARM.Deploy.0 = Debug|ARM
		{412E8037-3919-48B2-B457-DE75D2510D92}.Debug|Mixed Platforms.ActiveCfg = Debug|x86
		{412E8037-3919-48B2-B457-DE75D2510D92}.Debug|Mixed Platforms.Build.0 = Debug|x86
		{412E8037-3919-48B2-B457-DE75D2510D92}.Debug|Mixed Platforms.Deploy.0 = Debug|x86
		{412E8037-3919-48B2-B457-DE75D2510D92}.Debug|x64.ActiveCfg = Debug|x64
		{412E8037-3919-48B2-B457-DE75D2510D92}.Debug|x64.Build.0 = Debug|x64
		{412E8037-3919-48B2-B457-DE75D2510D92}.Debug|x64.Deploy.0 = Debug|x64
		{412E8037-3919-48B2-B457-DE75D2510D92}.Debug|x86.ActiveCfg = Debug|x86
		{412E8037-3919-48B2-B457-DE75D2510D92}.Debug|x86.Build.0 = Debug|x86
		{412E8037-3919-48B2-B457-DE75D2510D92}.Debug|x86.Deploy.0 = Debug|x86
		{412E8037-3919-48B2-B457-DE75D2510D92}.Release|Any CPU.ActiveCfg = Release|Any CPU
		{412E8037-3919-48B2-B457-DE75D2510D92}.Release|Any CPU.Build.0 = Release|Any CPU
		{412E8037-3919-48B2-B457-DE75D2510D92}.Release|Any CPU.Deploy.0 = Release|Any CPU
		{412E8037-3919-48B2-B457-DE75D2510D92}.Release|ARM.ActiveCfg = Release|ARM
		{412E8037-3919-48B2-B457-DE75D2510D92}.Release|ARM.Build.0 = Release|ARM
		{412E8037-3919-48B2-B457-DE75D2510D92}.Release|ARM.Deploy.0 = Release|ARM
		{412E8037-3919-48B2-B457-DE75D2510D92}.Release|Mixed Platforms.ActiveCfg = Release|x86
		{412E8037-3919-48B2-B457-DE75D2510D92}.Release|Mixed Platforms.Build.0 = Release|x86
		{412E8037-3919-48B2-B457-DE75D2510D92}.Release|Mixed Platforms.Deploy.0 = Release|x86
		{412E8037-3919-48B2-B457-DE75D2510D92}.Release|x64.ActiveCfg = Release|x64
		{412E8037-3919-48B2-B457-DE75D2510D92}.Release|x64.Build.0 = Release|x64
		{412E8037-3919-48B2-B457-DE75D2510D92}.Release|x64.Deploy.0 = Release|x64
		{412E8037-3919-48B2-B457-DE75D2510D92}.Release|x86.ActiveCfg = Release|x86
		{412E8037-3919-48B2-B457-DE75D2510D92}.Release|x86.Build.0 = Release|x86
		{412E8037-3919-48B2-B457-DE75D2510D92}.Release|x86.Deploy.0 = Release|x86
		{41FFF775-2A10-461E-9F74-968B13C18537}.Debug|Any CPU.ActiveCfg = Debug|Any CPU
		{41FFF775-2A10-461E-9F74-968B13C18537}.Debug|Any CPU.Build.0 = Debug|Any CPU
		{41FFF775-2A10-461E-9F74-968B13C18537}.Debug|ARM.ActiveCfg = Debug|Any CPU
		{41FFF775-2A10-461E-9F74-968B13C18537}.Debug|Mixed Platforms.ActiveCfg = Debug|Any CPU
		{41FFF775-2A10-461E-9F74-968B13C18537}.Debug|Mixed Platforms.Build.0 = Debug|Any CPU
		{41FFF775-2A10-461E-9F74-968B13C18537}.Debug|x64.ActiveCfg = Debug|Any CPU
		{41FFF775-2A10-461E-9F74-968B13C18537}.Debug|x86.ActiveCfg = Debug|Any CPU
		{41FFF775-2A10-461E-9F74-968B13C18537}.Release|Any CPU.ActiveCfg = Release|Any CPU
		{41FFF775-2A10-461E-9F74-968B13C18537}.Release|Any CPU.Build.0 = Release|Any CPU
		{41FFF775-2A10-461E-9F74-968B13C18537}.Release|ARM.ActiveCfg = Release|Any CPU
		{41FFF775-2A10-461E-9F74-968B13C18537}.Release|Mixed Platforms.ActiveCfg = Release|Any CPU
		{41FFF775-2A10-461E-9F74-968B13C18537}.Release|Mixed Platforms.Build.0 = Release|Any CPU
		{41FFF775-2A10-461E-9F74-968B13C18537}.Release|x64.ActiveCfg = Release|Any CPU
		{41FFF775-2A10-461E-9F74-968B13C18537}.Release|x86.ActiveCfg = Release|Any CPU
		{FFA9D50F-52F5-444B-8790-DFC72003ADBD}.Debug|Any CPU.ActiveCfg = Debug|Any CPU
		{FFA9D50F-52F5-444B-8790-DFC72003ADBD}.Debug|Any CPU.Build.0 = Debug|Any CPU
		{FFA9D50F-52F5-444B-8790-DFC72003ADBD}.Debug|Any CPU.Deploy.0 = Debug|Any CPU
		{FFA9D50F-52F5-444B-8790-DFC72003ADBD}.Debug|ARM.ActiveCfg = Debug|ARM
		{FFA9D50F-52F5-444B-8790-DFC72003ADBD}.Debug|ARM.Build.0 = Debug|ARM
		{FFA9D50F-52F5-444B-8790-DFC72003ADBD}.Debug|ARM.Deploy.0 = Debug|ARM
		{FFA9D50F-52F5-444B-8790-DFC72003ADBD}.Debug|Mixed Platforms.ActiveCfg = Debug|x86
		{FFA9D50F-52F5-444B-8790-DFC72003ADBD}.Debug|Mixed Platforms.Build.0 = Debug|x86
		{FFA9D50F-52F5-444B-8790-DFC72003ADBD}.Debug|Mixed Platforms.Deploy.0 = Debug|x86
		{FFA9D50F-52F5-444B-8790-DFC72003ADBD}.Debug|x64.ActiveCfg = Debug|x64
		{FFA9D50F-52F5-444B-8790-DFC72003ADBD}.Debug|x64.Build.0 = Debug|x64
		{FFA9D50F-52F5-444B-8790-DFC72003ADBD}.Debug|x64.Deploy.0 = Debug|x64
		{FFA9D50F-52F5-444B-8790-DFC72003ADBD}.Debug|x86.ActiveCfg = Debug|x86
		{FFA9D50F-52F5-444B-8790-DFC72003ADBD}.Debug|x86.Build.0 = Debug|x86
		{FFA9D50F-52F5-444B-8790-DFC72003ADBD}.Debug|x86.Deploy.0 = Debug|x86
		{FFA9D50F-52F5-444B-8790-DFC72003ADBD}.Release|Any CPU.ActiveCfg = Release|Any CPU
		{FFA9D50F-52F5-444B-8790-DFC72003ADBD}.Release|Any CPU.Build.0 = Release|Any CPU
		{FFA9D50F-52F5-444B-8790-DFC72003ADBD}.Release|Any CPU.Deploy.0 = Release|Any CPU
		{FFA9D50F-52F5-444B-8790-DFC72003ADBD}.Release|ARM.ActiveCfg = Release|ARM
		{FFA9D50F-52F5-444B-8790-DFC72003ADBD}.Release|ARM.Build.0 = Release|ARM
		{FFA9D50F-52F5-444B-8790-DFC72003ADBD}.Release|ARM.Deploy.0 = Release|ARM
		{FFA9D50F-52F5-444B-8790-DFC72003ADBD}.Release|Mixed Platforms.ActiveCfg = Release|x86
		{FFA9D50F-52F5-444B-8790-DFC72003ADBD}.Release|Mixed Platforms.Build.0 = Release|x86
		{FFA9D50F-52F5-444B-8790-DFC72003ADBD}.Release|Mixed Platforms.Deploy.0 = Release|x86
		{FFA9D50F-52F5-444B-8790-DFC72003ADBD}.Release|x64.ActiveCfg = Release|x64
		{FFA9D50F-52F5-444B-8790-DFC72003ADBD}.Release|x64.Build.0 = Release|x64
		{FFA9D50F-52F5-444B-8790-DFC72003ADBD}.Release|x64.Deploy.0 = Release|x64
		{FFA9D50F-52F5-444B-8790-DFC72003ADBD}.Release|x86.ActiveCfg = Release|x86
		{FFA9D50F-52F5-444B-8790-DFC72003ADBD}.Release|x86.Build.0 = Release|x86
		{FFA9D50F-52F5-444B-8790-DFC72003ADBD}.Release|x86.Deploy.0 = Release|x86
		{BA43A89E-6488-49D2-B9B0-A24BB77E458F}.Debug|Any CPU.ActiveCfg = Debug|Any CPU
		{BA43A89E-6488-49D2-B9B0-A24BB77E458F}.Debug|Any CPU.Build.0 = Debug|Any CPU
		{BA43A89E-6488-49D2-B9B0-A24BB77E458F}.Debug|Any CPU.Deploy.0 = Debug|Any CPU
		{BA43A89E-6488-49D2-B9B0-A24BB77E458F}.Debug|ARM.ActiveCfg = Debug|ARM
		{BA43A89E-6488-49D2-B9B0-A24BB77E458F}.Debug|ARM.Build.0 = Debug|ARM
		{BA43A89E-6488-49D2-B9B0-A24BB77E458F}.Debug|ARM.Deploy.0 = Debug|ARM
		{BA43A89E-6488-49D2-B9B0-A24BB77E458F}.Debug|Mixed Platforms.ActiveCfg = Debug|x86
		{BA43A89E-6488-49D2-B9B0-A24BB77E458F}.Debug|Mixed Platforms.Build.0 = Debug|x86
		{BA43A89E-6488-49D2-B9B0-A24BB77E458F}.Debug|Mixed Platforms.Deploy.0 = Debug|x86
		{BA43A89E-6488-49D2-B9B0-A24BB77E458F}.Debug|x64.ActiveCfg = Debug|Any CPU
		{BA43A89E-6488-49D2-B9B0-A24BB77E458F}.Debug|x86.ActiveCfg = Debug|x86
		{BA43A89E-6488-49D2-B9B0-A24BB77E458F}.Debug|x86.Build.0 = Debug|x86
		{BA43A89E-6488-49D2-B9B0-A24BB77E458F}.Debug|x86.Deploy.0 = Debug|x86
		{BA43A89E-6488-49D2-B9B0-A24BB77E458F}.Release|Any CPU.ActiveCfg = Release|Any CPU
		{BA43A89E-6488-49D2-B9B0-A24BB77E458F}.Release|Any CPU.Build.0 = Release|Any CPU
		{BA43A89E-6488-49D2-B9B0-A24BB77E458F}.Release|Any CPU.Deploy.0 = Release|Any CPU
		{BA43A89E-6488-49D2-B9B0-A24BB77E458F}.Release|ARM.ActiveCfg = Release|ARM
		{BA43A89E-6488-49D2-B9B0-A24BB77E458F}.Release|ARM.Build.0 = Release|ARM
		{BA43A89E-6488-49D2-B9B0-A24BB77E458F}.Release|ARM.Deploy.0 = Release|ARM
		{BA43A89E-6488-49D2-B9B0-A24BB77E458F}.Release|Mixed Platforms.ActiveCfg = Release|x86
		{BA43A89E-6488-49D2-B9B0-A24BB77E458F}.Release|Mixed Platforms.Build.0 = Release|x86
		{BA43A89E-6488-49D2-B9B0-A24BB77E458F}.Release|Mixed Platforms.Deploy.0 = Release|x86
		{BA43A89E-6488-49D2-B9B0-A24BB77E458F}.Release|x64.ActiveCfg = Release|Any CPU
		{BA43A89E-6488-49D2-B9B0-A24BB77E458F}.Release|x86.ActiveCfg = Release|x86
		{BA43A89E-6488-49D2-B9B0-A24BB77E458F}.Release|x86.Build.0 = Release|x86
		{BA43A89E-6488-49D2-B9B0-A24BB77E458F}.Release|x86.Deploy.0 = Release|x86
		{BCFB6816-AB5E-49EF-BAC0-41816E0B81DA}.Debug|Any CPU.ActiveCfg = Debug|Any CPU
		{BCFB6816-AB5E-49EF-BAC0-41816E0B81DA}.Debug|Any CPU.Build.0 = Debug|Any CPU
		{BCFB6816-AB5E-49EF-BAC0-41816E0B81DA}.Debug|Any CPU.Deploy.0 = Debug|Any CPU
		{BCFB6816-AB5E-49EF-BAC0-41816E0B81DA}.Debug|ARM.ActiveCfg = Debug|ARM
		{BCFB6816-AB5E-49EF-BAC0-41816E0B81DA}.Debug|ARM.Build.0 = Debug|ARM
		{BCFB6816-AB5E-49EF-BAC0-41816E0B81DA}.Debug|ARM.Deploy.0 = Debug|ARM
		{BCFB6816-AB5E-49EF-BAC0-41816E0B81DA}.Debug|Mixed Platforms.ActiveCfg = Debug|x86
		{BCFB6816-AB5E-49EF-BAC0-41816E0B81DA}.Debug|Mixed Platforms.Build.0 = Debug|x86
		{BCFB6816-AB5E-49EF-BAC0-41816E0B81DA}.Debug|Mixed Platforms.Deploy.0 = Debug|x86
		{BCFB6816-AB5E-49EF-BAC0-41816E0B81DA}.Debug|x64.ActiveCfg = Debug|Any CPU
		{BCFB6816-AB5E-49EF-BAC0-41816E0B81DA}.Debug|x86.ActiveCfg = Debug|x86
		{BCFB6816-AB5E-49EF-BAC0-41816E0B81DA}.Debug|x86.Build.0 = Debug|x86
		{BCFB6816-AB5E-49EF-BAC0-41816E0B81DA}.Debug|x86.Deploy.0 = Debug|x86
		{BCFB6816-AB5E-49EF-BAC0-41816E0B81DA}.Release|Any CPU.ActiveCfg = Release|Any CPU
		{BCFB6816-AB5E-49EF-BAC0-41816E0B81DA}.Release|Any CPU.Build.0 = Release|Any CPU
		{BCFB6816-AB5E-49EF-BAC0-41816E0B81DA}.Release|Any CPU.Deploy.0 = Release|Any CPU
		{BCFB6816-AB5E-49EF-BAC0-41816E0B81DA}.Release|ARM.ActiveCfg = Release|ARM
		{BCFB6816-AB5E-49EF-BAC0-41816E0B81DA}.Release|ARM.Build.0 = Release|ARM
		{BCFB6816-AB5E-49EF-BAC0-41816E0B81DA}.Release|ARM.Deploy.0 = Release|ARM
		{BCFB6816-AB5E-49EF-BAC0-41816E0B81DA}.Release|Mixed Platforms.ActiveCfg = Release|x86
		{BCFB6816-AB5E-49EF-BAC0-41816E0B81DA}.Release|Mixed Platforms.Build.0 = Release|x86
		{BCFB6816-AB5E-49EF-BAC0-41816E0B81DA}.Release|Mixed Platforms.Deploy.0 = Release|x86
		{BCFB6816-AB5E-49EF-BAC0-41816E0B81DA}.Release|x64.ActiveCfg = Release|Any CPU
		{BCFB6816-AB5E-49EF-BAC0-41816E0B81DA}.Release|x86.ActiveCfg = Release|x86
		{BCFB6816-AB5E-49EF-BAC0-41816E0B81DA}.Release|x86.Build.0 = Release|x86
		{BCFB6816-AB5E-49EF-BAC0-41816E0B81DA}.Release|x86.Deploy.0 = Release|x86
	EndGlobalSection
	GlobalSection(SolutionProperties) = preSolution
		HideSolutionNode = FALSE
	EndGlobalSection
	GlobalSection(NestedProjects) = preSolution
		{1800724C-F165-4DAE-AB55-0D1B5A954AB8} = {697BDB15-343D-4023-BD1F-9176C20F3EA1}
		{6B9C2679-E726-477B-83F0-BFC9ADDD7E4D} = {697BDB15-343D-4023-BD1F-9176C20F3EA1}
		{BA43A89E-6488-49D2-B9B0-A24BB77E458F} = {697BDB15-343D-4023-BD1F-9176C20F3EA1}
		{BCFB6816-AB5E-49EF-BAC0-41816E0B81DA} = {697BDB15-343D-4023-BD1F-9176C20F3EA1}
	EndGlobalSection
EndGlobal
